
Microsoft Visual Studio Solution File, Format Version 12.00
# Visual Studio Version 16
VisualStudioVersion = 16.0.29509.3
MinimumVisualStudioVersion = 10.0.40219.1
Project("{9A19103F-16F7-4668-BE54-9A1E7A4F7556}") = "Crundras.Common", "Crundras.Common\Crundras.Common.csproj", "{19A58B6E-DC15-416E-9202-7AEB0E1856F4}"
EndProject
Project("{9A19103F-16F7-4668-BE54-9A1E7A4F7556}") = "Crundras.LexicalAnalyzer", "Crundras.LexicalAnalyzer\Crundras.LexicalAnalyzer.csproj", "{728A2A37-1EF5-43B0-8E04-BB42C5E20F1C}"
EndProject
Project("{9A19103F-16F7-4668-BE54-9A1E7A4F7556}") = "Crundras.SyntaxAnalyzerPDA", "Crundras.SyntaxAnalyzerPDA\Crundras.SyntaxAnalyzerPDA.csproj", "{8C80849B-2A52-4925-9CF7-4DD36263B05E}"
EndProject
Project("{9A19103F-16F7-4668-BE54-9A1E7A4F7556}") = "RPNTranslator", "RPNTranslator\RPNTranslator.csproj", "{71902BB3-2469-456E-B32E-D820040014A5}"
EndProject
Project("{9A19103F-16F7-4668-BE54-9A1E7A4F7556}") = "RPNInterpreter", "RPNInterpreter\RPNInterpreter.csproj", "{C8ADCB46-5F67-4E88-96BE-79054446B91B}"
EndProject
Global
	GlobalSection(SolutionConfigurationPlatforms) = preSolution
		Debug|Any CPU = Debug|Any CPU
		Release|Any CPU = Release|Any CPU
	EndGlobalSection
	GlobalSection(ProjectConfigurationPlatforms) = postSolution
		{19A58B6E-DC15-416E-9202-7AEB0E1856F4}.Debug|Any CPU.ActiveCfg = Debug|Any CPU
		{19A58B6E-DC15-416E-9202-7AEB0E1856F4}.Debug|Any CPU.Build.0 = Debug|Any CPU
		{19A58B6E-DC15-416E-9202-7AEB0E1856F4}.Release|Any CPU.ActiveCfg = Release|Any CPU
		{19A58B6E-DC15-416E-9202-7AEB0E1856F4}.Release|Any CPU.Build.0 = Release|Any CPU
		{728A2A37-1EF5-43B0-8E04-BB42C5E20F1C}.Debug|Any CPU.ActiveCfg = Debug|Any CPU
		{728A2A37-1EF5-43B0-8E04-BB42C5E20F1C}.Debug|Any CPU.Build.0 = Debug|Any CPU
		{728A2A37-1EF5-43B0-8E04-BB42C5E20F1C}.Release|Any CPU.ActiveCfg = Release|Any CPU
		{728A2A37-1EF5-43B0-8E04-BB42C5E20F1C}.Release|Any CPU.Build.0 = Release|Any CPU
		{8C80849B-2A52-4925-9CF7-4DD36263B05E}.Debug|Any CPU.ActiveCfg = Debug|Any CPU
		{8C80849B-2A52-4925-9CF7-4DD36263B05E}.Debug|Any CPU.Build.0 = Debug|Any CPU
		{8C80849B-2A52-4925-9CF7-4DD36263B05E}.Release|Any CPU.ActiveCfg = Release|Any CPU
		{8C80849B-2A52-4925-9CF7-4DD36263B05E}.Release|Any CPU.Build.0 = Release|Any CPU
		{71902BB3-2469-456E-B32E-D820040014A5}.Debug|Any CPU.ActiveCfg = Debug|Any CPU
		{71902BB3-2469-456E-B32E-D820040014A5}.Debug|Any CPU.Build.0 = Debug|Any CPU
		{71902BB3-2469-456E-B32E-D820040014A5}.Release|Any CPU.ActiveCfg = Release|Any CPU
		{71902BB3-2469-456E-B32E-D820040014A5}.Release|Any CPU.Build.0 = Release|Any CPU
		{C8ADCB46-5F67-4E88-96BE-79054446B91B}.Debug|Any CPU.ActiveCfg = Debug|Any CPU
		{C8ADCB46-5F67-4E88-96BE-79054446B91B}.Debug|Any CPU.Build.0 = Debug|Any CPU
		{C8ADCB46-5F67-4E88-96BE-79054446B91B}.Release|Any CPU.ActiveCfg = Release|Any CPU
		{C8ADCB46-5F67-4E88-96BE-79054446B91B}.Release|Any CPU.Build.0 = Release|Any CPU
	EndGlobalSection
	GlobalSection(SolutionProperties) = preSolution
		HideSolutionNode = FALSE
	EndGlobalSection
	GlobalSection(ExtensibilityGlobals) = postSolution
		SolutionGuid = {A5D61B00-B3E2-470A-8C74-F3A12B4A01CA}
	EndGlobalSection
EndGlobal
