
Microsoft Visual Studio Solution File, Format Version 12.00
# Visual Studio Version 16
VisualStudioVersion = 16.0.29509.3
MinimumVisualStudioVersion = 10.0.40219.1
Project("{9A19103F-16F7-4668-BE54-9A1E7A4F7556}") = "Crundras.Common", "Crundras.Common\Crundras.Common.csproj", "{19A58B6E-DC15-416E-9202-7AEB0E1856F4}"
EndProject
Project("{9A19103F-16F7-4668-BE54-9A1E7A4F7556}") = "Crundras.LexicalAnalyzer", "Crundras.LexicalAnalyzer\Crundras.LexicalAnalyzer.csproj", "{728A2A37-1EF5-43B0-8E04-BB42C5E20F1C}"
EndProject
Project("{9A19103F-16F7-4668-BE54-9A1E7A4F7556}") = "RecursiveDescentParser", "RecursiveDescentParser\RecursiveDescentParser.csproj", "{3A805892-924C-464F-AA22-6854BC3F9F9F}"
EndProject
Project("{9A19103F-16F7-4668-BE54-9A1E7A4F7556}") = "SyntaxAnalyzerPDA", "SyntaxAnalyzerPDA\SyntaxAnalyzerPDA.csproj", "{8C80849B-2A52-4925-9CF7-4DD36263B05E}"
EndProject
Project("{9A19103F-16F7-4668-BE54-9A1E7A4F7556}") = "ANTLR", "ANTLR\ANTLR.csproj", "{7BB7612C-0797-4B69-B79D-DA6F1014E4DD}"
EndProject
Project("{9A19103F-16F7-4668-BE54-9A1E7A4F7556}") = "ReversePolishNotation", "ReversePolishNotation\ReversePolishNotation.csproj", "{71902BB3-2469-456E-B32E-D820040014A5}"
EndProject
Global
	GlobalSection(SolutionConfigurationPlatforms) = preSolution
		Debug|Any CPU = Debug|Any CPU
		Release|Any CPU = Release|Any CPU
	EndGlobalSection
	GlobalSection(ProjectConfigurationPlatforms) = postSolution
		{19A58B6E-DC15-416E-9202-7AEB0E1856F4}.Debug|Any CPU.ActiveCfg = Debug|Any CPU
		{19A58B6E-DC15-416E-9202-7AEB0E1856F4}.Debug|Any CPU.Build.0 = Debug|Any CPU
		{19A58B6E-DC15-416E-9202-7AEB0E1856F4}.Release|Any CPU.ActiveCfg = Release|Any CPU
		{19A58B6E-DC15-416E-9202-7AEB0E1856F4}.Release|Any CPU.Build.0 = Release|Any CPU
		{728A2A37-1EF5-43B0-8E04-BB42C5E20F1C}.Debug|Any CPU.ActiveCfg = Debug|Any CPU
		{728A2A37-1EF5-43B0-8E04-BB42C5E20F1C}.Debug|Any CPU.Build.0 = Debug|Any CPU
		{728A2A37-1EF5-43B0-8E04-BB42C5E20F1C}.Release|Any CPU.ActiveCfg = Release|Any CPU
		{728A2A37-1EF5-43B0-8E04-BB42C5E20F1C}.Release|Any CPU.Build.0 = Release|Any CPU
		{3A805892-924C-464F-AA22-6854BC3F9F9F}.Debug|Any CPU.ActiveCfg = Debug|Any CPU
		{3A805892-924C-464F-AA22-6854BC3F9F9F}.Debug|Any CPU.Build.0 = Debug|Any CPU
		{3A805892-924C-464F-AA22-6854BC3F9F9F}.Release|Any CPU.ActiveCfg = Release|Any CPU
		{3A805892-924C-464F-AA22-6854BC3F9F9F}.Release|Any CPU.Build.0 = Release|Any CPU
		{8C80849B-2A52-4925-9CF7-4DD36263B05E}.Debug|Any CPU.ActiveCfg = Debug|Any CPU
		{8C80849B-2A52-4925-9CF7-4DD36263B05E}.Debug|Any CPU.Build.0 = Debug|Any CPU
		{8C80849B-2A52-4925-9CF7-4DD36263B05E}.Release|Any CPU.ActiveCfg = Release|Any CPU
		{8C80849B-2A52-4925-9CF7-4DD36263B05E}.Release|Any CPU.Build.0 = Release|Any CPU
		{7BB7612C-0797-4B69-B79D-DA6F1014E4DD}.Debug|Any CPU.ActiveCfg = Debug|Any CPU
		{7BB7612C-0797-4B69-B79D-DA6F1014E4DD}.Debug|Any CPU.Build.0 = Debug|Any CPU
		{7BB7612C-0797-4B69-B79D-DA6F1014E4DD}.Release|Any CPU.ActiveCfg = Release|Any CPU
		{7BB7612C-0797-4B69-B79D-DA6F1014E4DD}.Release|Any CPU.Build.0 = Release|Any CPU
		{71902BB3-2469-456E-B32E-D820040014A5}.Debug|Any CPU.ActiveCfg = Debug|Any CPU
		{71902BB3-2469-456E-B32E-D820040014A5}.Debug|Any CPU.Build.0 = Debug|Any CPU
		{71902BB3-2469-456E-B32E-D820040014A5}.Release|Any CPU.ActiveCfg = Release|Any CPU
		{71902BB3-2469-456E-B32E-D820040014A5}.Release|Any CPU.Build.0 = Release|Any CPU
	EndGlobalSection
	GlobalSection(SolutionProperties) = preSolution
		HideSolutionNode = FALSE
	EndGlobalSection
	GlobalSection(ExtensibilityGlobals) = postSolution
		SolutionGuid = {A5D61B00-B3E2-470A-8C74-F3A12B4A01CA}
	EndGlobalSection
EndGlobal
